
Microsoft Visual Studio Solution File, Format Version 12.00
# Visual Studio Version 16
VisualStudioVersion = 16.0.32802.440
MinimumVisualStudioVersion = 10.0.40219.1
Project("{FAE04EC0-301F-11D3-BF4B-00C04F79EFBC}") = "Task_18.02.2023", "Task_18.02.2023\Task_18.02.2023.csproj", "{896CBDFE-BC57-4CE3-985B-4C7BDB9CE38F}"
EndProject
Global
	GlobalSection(SolutionConfigurationPlatforms) = preSolution
		Debug|Any CPU = Debug|Any CPU
		Release|Any CPU = Release|Any CPU
	EndGlobalSection
	GlobalSection(ProjectConfigurationPlatforms) = postSolution
		{896CBDFE-BC57-4CE3-985B-4C7BDB9CE38F}.Debug|Any CPU.ActiveCfg = Debug|Any CPU
		{896CBDFE-BC57-4CE3-985B-4C7BDB9CE38F}.Debug|Any CPU.Build.0 = Debug|Any CPU
		{896CBDFE-BC57-4CE3-985B-4C7BDB9CE38F}.Release|Any CPU.ActiveCfg = Release|Any CPU
		{896CBDFE-BC57-4CE3-985B-4C7BDB9CE38F}.Release|Any CPU.Build.0 = Release|Any CPU
	EndGlobalSection
	GlobalSection(SolutionProperties) = preSolution
		HideSolutionNode = FALSE
	EndGlobalSection
	GlobalSection(ExtensibilityGlobals) = postSolution
		SolutionGuid = {CD8B061B-2E18-4337-88C6-81B5A3347D6D}
	EndGlobalSection
EndGlobal
